
Microsoft Visual Studio Solution File, Format Version 12.00
# Visual Studio Version 17
VisualStudioVersion = 17.4.33213.308
MinimumVisualStudioVersion = 10.0.40219.1
Project("{9A19103F-16F7-4668-BE54-9A1E7A4F7556}") = "Log4U.ConsoleApp", "Log$U.ConsoleApp\Log4U.ConsoleApp.csproj", "{7F9F41F6-3EA6-4380-A538-3C8699267080}"
EndProject
Project("{FAE04EC0-301F-11D3-BF4B-00C04F79EFBC}") = "Log4U.Core", "Log4U.Core\Log4U.Core.csproj", "{B592CEFD-993C-42E3-8316-F17D80472FE7}"
EndProject
Global
	GlobalSection(SolutionConfigurationPlatforms) = preSolution
		Debug|Any CPU = Debug|Any CPU
		Release|Any CPU = Release|Any CPU
	EndGlobalSection
	GlobalSection(ProjectConfigurationPlatforms) = postSolution
		{7F9F41F6-3EA6-4380-A538-3C8699267080}.Debug|Any CPU.ActiveCfg = Debug|Any CPU
		{7F9F41F6-3EA6-4380-A538-3C8699267080}.Debug|Any CPU.Build.0 = Debug|Any CPU
		{7F9F41F6-3EA6-4380-A538-3C8699267080}.Release|Any CPU.ActiveCfg = Release|Any CPU
		{7F9F41F6-3EA6-4380-A538-3C8699267080}.Release|Any CPU.Build.0 = Release|Any CPU
		{B592CEFD-993C-42E3-8316-F17D80472FE7}.Debug|Any CPU.ActiveCfg = Debug|Any CPU
		{B592CEFD-993C-42E3-8316-F17D80472FE7}.Debug|Any CPU.Build.0 = Debug|Any CPU
		{B592CEFD-993C-42E3-8316-F17D80472FE7}.Release|Any CPU.ActiveCfg = Release|Any CPU
		{B592CEFD-993C-42E3-8316-F17D80472FE7}.Release|Any CPU.Build.0 = Release|Any CPU
	EndGlobalSection
	GlobalSection(SolutionProperties) = preSolution
		HideSolutionNode = FALSE
	EndGlobalSection
	GlobalSection(ExtensibilityGlobals) = postSolution
		SolutionGuid = {AD8222FB-582C-4625-A6B9-0322F640AB55}
	EndGlobalSection
EndGlobal
