
Microsoft Visual Studio Solution File, Format Version 12.00
# Visual Studio Version 17
VisualStudioVersion = 17.4.33213.308
MinimumVisualStudioVersion = 10.0.40219.1
Project("{FAE04EC0-301F-11D3-BF4B-00C04F79EFBC}") = "PersonsInfo", "Persons\PersonsInfo.csproj", "{D0FBF4B4-9C4C-45C3-A02E-AFCFDE8140E2}"
EndProject
Global
	GlobalSection(SolutionConfigurationPlatforms) = preSolution
		Debug|Any CPU = Debug|Any CPU
		Release|Any CPU = Release|Any CPU
	EndGlobalSection
	GlobalSection(ProjectConfigurationPlatforms) = postSolution
		{D0FBF4B4-9C4C-45C3-A02E-AFCFDE8140E2}.Debug|Any CPU.ActiveCfg = Debug|Any CPU
		{D0FBF4B4-9C4C-45C3-A02E-AFCFDE8140E2}.Debug|Any CPU.Build.0 = Debug|Any CPU
		{D0FBF4B4-9C4C-45C3-A02E-AFCFDE8140E2}.Release|Any CPU.ActiveCfg = Release|Any CPU
		{D0FBF4B4-9C4C-45C3-A02E-AFCFDE8140E2}.Release|Any CPU.Build.0 = Release|Any CPU
	EndGlobalSection
	GlobalSection(SolutionProperties) = preSolution
		HideSolutionNode = FALSE
	EndGlobalSection
	GlobalSection(ExtensibilityGlobals) = postSolution
		SolutionGuid = {ACE6694A-6152-40BD-914F-011B8C3D304B}
	EndGlobalSection
EndGlobal
